// !$*UTF8*$!
{
	archiveVersion = 1;
	classes = {
	};
	objectVersion = 46;
	objects = {

/* Begin PBXBuildFile section */
		8584E1B81DE3A3E100421414 /* main.m in Sources */ = {isa = PBXBuildFile; fileRef = 8584E1B71DE3A3E100421414 /* main.m */; };
		8584E1BB1DE3A3E100421414 /* AppDelegate.m in Sources */ = {isa = PBXBuildFile; fileRef = 8584E1BA1DE3A3E100421414 /* AppDelegate.m */; };
		8584E1C11DE3A3E100421414 /* Main.storyboard in Resources */ = {isa = PBXBuildFile; fileRef = 8584E1BF1DE3A3E100421414 /* Main.storyboard */; };
		8584E1C31DE3A3E100421414 /* Assets.xcassets in Resources */ = {isa = PBXBuildFile; fileRef = 8584E1C21DE3A3E100421414 /* Assets.xcassets */; };
		8584E1C61DE3A3E100421414 /* LaunchScreen.storyboard in Resources */ = {isa = PBXBuildFile; fileRef = 8584E1C41DE3A3E100421414 /* LaunchScreen.storyboard */; };
		8584E1CF1DE3A48500421414 /* CollectionViewController.m in Sources */ = {isa = PBXBuildFile; fileRef = 8584E1CE1DE3A48500421414 /* CollectionViewController.m */; };
		85D2C8BC1DE6132A0057BDF2 /* PhotoController.m in Sources */ = {isa = PBXBuildFile; fileRef = 85D2C8BB1DE6132A0057BDF2 /* PhotoController.m */; };
/* End PBXBuildFile section */

/* Begin PBXFileReference section */
		8584E1B31DE3A3E000421414 /* MarvelComicCharacters.app */ = {isa = PBXFileReference; explicitFileType = wrapper.application; includeInIndex = 0; path = MarvelComicCharacters.app; sourceTree = BUILT_PRODUCTS_DIR; };
		8584E1B71DE3A3E100421414 /* main.m */ = {isa = PBXFileReference; lastKnownFileType = sourcecode.c.objc; path = main.m; sourceTree = "<group>"; };
		8584E1B91DE3A3E100421414 /* AppDelegate.h */ = {isa = PBXFileReference; lastKnownFileType = sourcecode.c.h; path = AppDelegate.h; sourceTree = "<group>"; };
		8584E1BA1DE3A3E100421414 /* AppDelegate.m */ = {isa = PBXFileReference; lastKnownFileType = sourcecode.c.objc; path = AppDelegate.m; sourceTree = "<group>"; };
		8584E1C01DE3A3E100421414 /* Base */ = {isa = PBXFileReference; lastKnownFileType = file.storyboard; name = Base; path = Base.lproj/Main.storyboard; sourceTree = "<group>"; };
		8584E1C21DE3A3E100421414 /* Assets.xcassets */ = {isa = PBXFileReference; lastKnownFileType = folder.assetcatalog; path = Assets.xcassets; sourceTree = "<group>"; };
		8584E1C51DE3A3E100421414 /* Base */ = {isa = PBXFileReference; lastKnownFileType = file.storyboard; name = Base; path = Base.lproj/LaunchScreen.storyboard; sourceTree = "<group>"; };
		8584E1C71DE3A3E100421414 /* Info.plist */ = {isa = PBXFileReference; lastKnownFileType = text.plist.xml; path = Info.plist; sourceTree = "<group>"; };
		8584E1CD1DE3A48500421414 /* CollectionViewController.h */ = {isa = PBXFileReference; fileEncoding = 4; lastKnownFileType = sourcecode.c.h; path = CollectionViewController.h; sourceTree = "<group>"; };
		8584E1CE1DE3A48500421414 /* CollectionViewController.m */ = {isa = PBXFileReference; fileEncoding = 4; lastKnownFileType = sourcecode.c.objc; path = CollectionViewController.m; sourceTree = "<group>"; };
		85D2C8BA1DE6132A0057BDF2 /* PhotoController.h */ = {isa = PBXFileReference; fileEncoding = 4; lastKnownFileType = sourcecode.c.h; path = PhotoController.h; sourceTree = "<group>"; };
		85D2C8BB1DE6132A0057BDF2 /* PhotoController.m */ = {isa = PBXFileReference; fileEncoding = 4; lastKnownFileType = sourcecode.c.objc; path = PhotoController.m; sourceTree = "<group>"; };
/* End PBXFileReference section */

/* Begin PBXFrameworksBuildPhase section */
		8584E1B01DE3A3E000421414 /* Frameworks */ = {
			isa = PBXFrameworksBuildPhase;
			buildActionMask = 2147483647;
			files = (
			);
			runOnlyForDeploymentPostprocessing = 0;
		};
/* End PBXFrameworksBuildPhase section */

/* Begin PBXGroup section */
		8584E1AA1DE3A3E000421414 = {
			isa = PBXGroup;
			children = (
				8584E1B51DE3A3E100421414 /* MarvelComicCharacters */,
				8584E1B41DE3A3E000421414 /* Products */,
			);
			sourceTree = "<group>";
		};
		8584E1B41DE3A3E000421414 /* Products */ = {
			isa = PBXGroup;
			children = (
				8584E1B31DE3A3E000421414 /* MarvelComicCharacters.app */,
			);
			name = Products;
			sourceTree = "<group>";
		};
		8584E1B51DE3A3E100421414 /* MarvelComicCharacters */ = {
			isa = PBXGroup;
			children = (
				8584E1B91DE3A3E100421414 /* AppDelegate.h */,
				8584E1BA1DE3A3E100421414 /* AppDelegate.m */,
				8584E1CD1DE3A48500421414 /* CollectionViewController.h */,
				8584E1CE1DE3A48500421414 /* CollectionViewController.m */,
				85D2C8BA1DE6132A0057BDF2 /* PhotoController.h */,
				85D2C8BB1DE6132A0057BDF2 /* PhotoController.m */,
				8584E1BF1DE3A3E100421414 /* Main.storyboard */,
				8584E1C21DE3A3E100421414 /* Assets.xcassets */,
				8584E1C41DE3A3E100421414 /* LaunchScreen.storyboard */,
				8584E1C71DE3A3E100421414 /* Info.plist */,
				8584E1B61DE3A3E100421414 /* Supporting Files */,
			);
			path = MarvelComicCharacters;
			sourceTree = "<group>";
		};
		8584E1B61DE3A3E100421414 /* Supporting Files */ = {
			isa = PBXGroup;
			children = (
				8584E1B71DE3A3E100421414 /* main.m */,
			);
			name = "Supporting Files";
			sourceTree = "<group>";
		};
/* End PBXGroup section */

/* Begin PBXNativeTarget section */
		8584E1B21DE3A3E000421414 /* MarvelComicCharacters */ = {
			isa = PBXNativeTarget;
			buildConfigurationList = 8584E1CA1DE3A3E100421414 /* Build configuration list for PBXNativeTarget "MarvelComicCharacters" */;
			buildPhases = (
				8584E1AF1DE3A3E000421414 /* Sources */,
				8584E1B01DE3A3E000421414 /* Frameworks */,
				8584E1B11DE3A3E000421414 /* Resources */,
			);
			buildRules = (
			);
			dependencies = (
			);
			name = MarvelComicCharacters;
			productName = MarvelComicCharacters;
			productReference = 8584E1B31DE3A3E000421414 /* MarvelComicCharacters.app */;
			productType = "com.apple.product-type.application";
		};
/* End PBXNativeTarget section */

/* Begin PBXProject section */
		8584E1AB1DE3A3E000421414 /* Project object */ = {
			isa = PBXProject;
			attributes = {
				LastUpgradeCheck = 0730;
				ORGANIZATIONNAME = "Christopher Bonuel";
				TargetAttributes = {
					8584E1B21DE3A3E000421414 = {
						CreatedOnToolsVersion = 7.3.1;
					};
				};
			};
			buildConfigurationList = 8584E1AE1DE3A3E000421414 /* Build configuration list for PBXProject "MarvelComicCharacters" */;
			compatibilityVersion = "Xcode 3.2";
			developmentRegion = English;
			hasScannedForEncodings = 0;
			knownRegions = (
				en,
				Base,
			);
			mainGroup = 8584E1AA1DE3A3E000421414;
			productRefGroup = 8584E1B41DE3A3E000421414 /* Products */;
			projectDirPath = "";
			projectRoot = "";
			targets = (
				8584E1B21DE3A3E000421414 /* MarvelComicCharacters */,
			);
		};
/* End PBXProject section */

/* Begin PBXResourcesBuildPhase section */
		8584E1B11DE3A3E000421414 /* Resources */ = {
			isa = PBXResourcesBuildPhase;
			buildActionMask = 2147483647;
			files = (
				8584E1C61DE3A3E100421414 /* LaunchScreen.storyboard in Resources */,
				8584E1C31DE3A3E100421414 /* Assets.xcassets in Resources */,
				8584E1C11DE3A3E100421414 /* Main.storyboard in Resources */,
			);
			runOnlyForDeploymentPostprocessing = 0;
		};
/* End PBXResourcesBuildPhase section */

/* Begin PBXSourcesBuildPhase section */
		8584E1AF1DE3A3E000421414 /* Sources */ = {
			isa = PBXSourcesBuildPhase;
			buildActionMask = 2147483647;
			files = (
				8584E1BB1DE3A3E100421414 /* AppDelegate.m in Sources */,
				8584E1B81DE3A3E100421414 /* main.m in Sources */,
				85D2C8BC1DE6132A0057BDF2 /* PhotoController.m in Sources */,
				8584E1CF1DE3A48500421414 /* CollectionViewController.m in Sources */,
			);
			runOnlyForDeploymentPostprocessing = 0;
		};
/* End PBXSourcesBuildPhase section */

/* Begin PBXVariantGroup section */
		8584E1BF1DE3A3E100421414 /* Main.storyboard */ = {
			isa = PBXVariantGroup;
			children = (
				8584E1C01DE3A3E100421414 /* Base */,
			);
			name = Main.storyboard;
			sourceTree = "<group>";
		};
		8584E1C41DE3A3E100421414 /* LaunchScreen.storyboard */ = {
			isa = PBXVariantGroup;
			children = (
				8584E1C51DE3A3E100421414 /* Base */,
			);
			name = LaunchScreen.storyboard;
			sourceTree = "<group>";
		};
/* End PBXVariantGroup section */

/* Begin XCBuildConfiguration section */
		8584E1C81DE3A3E100421414 /* Debug */ = {
			isa = XCBuildConfiguration;
			buildSettings = {
				ALWAYS_SEARCH_USER_PATHS = NO;
				CLANG_ANALYZER_NONNULL = YES;
				CLANG_CXX_LANGUAGE_STANDARD = "gnu++0x";
				CLANG_CXX_LIBRARY = "libc++";
				CLANG_ENABLE_MODULES = YES;
				CLANG_ENABLE_OBJC_ARC = YES;
				CLANG_WARN_BOOL_CONVERSION = YES;
				CLANG_WARN_CONSTANT_CONVERSION = YES;
				CLANG_WARN_DIRECT_OBJC_ISA_USAGE = YES_ERROR;
				CLANG_WARN_EMPTY_BODY = YES;
				CLANG_WARN_ENUM_CONVERSION = YES;
				CLANG_WARN_INT_CONVERSION = YES;
				CLANG_WARN_OBJC_ROOT_CLASS = YES_ERROR;
				CLANG_WARN_UNREACHABLE_CODE = YES;
				CLANG_WARN__DUPLICATE_METHOD_MATCH = YES;
				"CODE_SIGN_IDENTITY[sdk=iphoneos*]" = "iPhone Developer";
				COPY_PHASE_STRIP = NO;
				DEBUG_INFORMATION_FORMAT = dwarf;
				ENABLE_STRICT_OBJC_MSGSEND = YES;
				ENABLE_TESTABILITY = YES;
				GCC_C_LANGUAGE_STANDARD = gnu99;
				GCC_DYNAMIC_NO_PIC = NO;
				GCC_NO_COMMON_BLOCKS = YES;
				GCC_OPTIMIZATION_LEVEL = 0;
				GCC_PREPROCESSOR_DEFINITIONS = (
					"DEBUG=1",
					"$(inherited)",
				);
				GCC_WARN_64_TO_32_BIT_CONVERSION = YES;
				GCC_WARN_ABOUT_RETURN_TYPE = YES_ERROR;
				GCC_WARN_UNDECLARED_SELECTOR = YES;
				GCC_WARN_UNINITIALIZED_AUTOS = YES_AGGRESSIVE;
				GCC_WARN_UNUSED_FUNCTION = YES;
				GCC_WARN_UNUSED_VARIABLE = YES;
				IPHONEOS_DEPLOYMENT_TARGET = 9.3;
				MTL_ENABLE_DEBUG_INFO = YES;
				ONLY_ACTIVE_ARCH = YES;
				SDKROOT = iphoneos;
			};
			name = Debug;
		};
		8584E1C91DE3A3E100421414 /* Release */ = {
			isa = XCBuildConfiguration;
			buildSettings = {
				ALWAYS_SEARCH_USER_PATHS = NO;
				CLANG_ANALYZER_NONNULL = YES;
				CLANG_CXX_LANGUAGE_STANDARD = "gnu++0x";
				CLANG_CXX_LIBRARY = "libc++";
				CLANG_ENABLE_MODULES = YES;
				CLANG_ENABLE_OBJC_ARC = YES;
				CLANG_WARN_BOOL_CONVERSION = YES;
				CLANG_WARN_CONSTANT_CONVERSION = YES;
				CLANG_WARN_DIRECT_OBJC_ISA_USAGE = YES_ERROR;
				CLANG_WARN_EMPTY_BODY = YES;
				CLANG_WARN_ENUM_CONVERSION = YES;
				CLANG_WARN_INT_CONVERSION = YES;
				CLANG_WARN_OBJC_ROOT_CLASS = YES_ERROR;
				CLANG_WARN_UNREACHABLE_CODE = YES;
				CLANG_WARN__DUPLICATE_METHOD_MATCH = YES;
				"CODE_SIGN_IDENTITY[sdk=iphoneos*]" = "iPhone Developer";
				COPY_PHASE_STRIP = NO;
				DEBUG_INFORMATION_FORMAT = "dwarf-with-dsym";
				ENABLE_NS_ASSERTIONS = NO;
				ENABLE_STRICT_OBJC_MSGSEND = YES;
				GCC_C_LANGUAGE_STANDARD = gnu99;
				GCC_NO_COMMON_BLOCKS = YES;
				GCC_WARN_64_TO_32_BIT_CONVERSION = YES;
				GCC_WARN_ABOUT_RETURN_TYPE = YES_ERROR;
				GCC_WARN_UNDECLARED_SELECTOR = YES;
				GCC_WARN_UNINITIALIZED_AUTOS = YES_AGGRESSIVE;
				GCC_WARN_UNUSED_FUNCTION = YES;
				GCC_WARN_UNUSED_VARIABLE = YES;
				IPHONEOS_DEPLOYMENT_TARGET = 9.3;
				MTL_ENABLE_DEBUG_INFO = NO;
				SDKROOT = iphoneos;
				VALIDATE_PRODUCT = YES;
			};
			name = Release;
		};
		8584E1CB1DE3A3E100421414 /* Debug */ = {
			isa = XCBuildConfiguration;
			buildSettings = {
				ASSETCATALOG_COMPILER_APPICON_NAME = AppIcon;
				INFOPLIST_FILE = MarvelComicCharacters/Info.plist;
				LD_RUNPATH_SEARCH_PATHS = "$(inherited) @executable_path/Frameworks";
				PRODUCT_BUNDLE_IDENTIFIER = com.gametime.MarvelComicCharacters;
				PRODUCT_NAME = "$(TARGET_NAME)";
			};
			name = Debug;
		};
		8584E1CC1DE3A3E100421414 /* Release */ = {
			isa = XCBuildConfiguration;
			buildSettings = {
				ASSETCATALOG_COMPILER_APPICON_NAME = AppIcon;
				INFOPLIST_FILE = MarvelComicCharacters/Info.plist;
				LD_RUNPATH_SEARCH_PATHS = "$(inherited) @executable_path/Frameworks";
				PRODUCT_BUNDLE_IDENTIFIER = com.gametime.MarvelComicCharacters;
				PRODUCT_NAME = "$(TARGET_NAME)";
			};
			name = Release;
		};
/* End XCBuildConfiguration section */

/* Begin XCConfigurationList section */
		8584E1AE1DE3A3E000421414 /* Build configuration list for PBXProject "MarvelComicCharacters" */ = {
			isa = XCConfigurationList;
			buildConfigurations = (
				8584E1C81DE3A3E100421414 /* Debug */,
				8584E1C91DE3A3E100421414 /* Release */,
			);
			defaultConfigurationIsVisible = 0;
			defaultConfigurationName = Release;
		};
		8584E1CA1DE3A3E100421414 /* Build configuration list for PBXNativeTarget "MarvelComicCharacters" */ = {
			isa = XCConfigurationList;
			buildConfigurations = (
				8584E1CB1DE3A3E100421414 /* Debug */,
				8584E1CC1DE3A3E100421414 /* Release */,
			);
			defaultConfigurationIsVisible = 0;
			defaultConfigurationName = Release;
		};
/* End XCConfigurationList section */
	};
	rootObject = 8584E1AB1DE3A3E000421414 /* Project object */;
}
